
Microsoft Visual Studio Solution File, Format Version 12.00
# Visual Studio Version 17
VisualStudioVersion = 17.1.32210.238
MinimumVisualStudioVersion = 10.0.40219.1
Project("{8BC9CEB8-8B4A-11D0-8D11-00A0C91BC942}") = "ApplicationZero", "ApplicationZero.vcxproj", "{0781F8B4-F430-4D65-BB54-C72E8781B069}"
EndProject
Project("{8BC9CEB8-8B4A-11D0-8D11-00A0C91BC942}") = "BaiTap1", "..\BaiTap1\BaiTap1.vcxproj", "{54C00EC2-6408-4F62-AF98-3E402DB18D6F}"
EndProject
Project("{8BC9CEB8-8B4A-11D0-8D11-00A0C91BC942}") = "BaiTap2", "..\BaiTap2\BaiTap2.vcxproj", "{5DE0D344-C18A-46ED-9AE8-3E6397E9D2B5}"
EndProject
Project("{8BC9CEB8-8B4A-11D0-8D11-00A0C91BC942}") = "Test", "..\Test\Test.vcxproj", "{19FA21C0-A065-406B-8D3A-30A8620F5322}"
EndProject
Project("{8BC9CEB8-8B4A-11D0-8D11-00A0C91BC942}") = "TestCpp", "..\TestCpp\TestCpp.vcxproj", "{943C3F36-B070-435F-B23F-B0BFB27073F7}"
EndProject
Project("{2150E333-8FDC-42A3-9474-1A3956D46DE8}") = "SmallHomework", "SmallHomework", "{5E421C2E-C5BF-427F-8FBE-E7B326B12FD5}"
EndProject
Project("{8BC9CEB8-8B4A-11D0-8D11-00A0C91BC942}") = "CudaRuntime1", "..\CudaRuntime1\CudaRuntime1.vcxproj", "{8059588E-1567-4F36-AD8E-0267ACE499AE}"
EndProject
Project("{8BC9CEB8-8B4A-11D0-8D11-00A0C91BC942}") = "ThucHanh1", "..\ThucHanh1\ThucHanh1.vcxproj", "{9E3A283D-7F99-4232-9F3F-3379C241449C}"
EndProject
Project("{2150E333-8FDC-42A3-9474-1A3956D46DE8}") = "Homework", "Homework", "{034843C4-E762-48E0-BF1D-AB39A9816E54}"
EndProject
Project("{8BC9CEB8-8B4A-11D0-8D11-00A0C91BC942}") = "ThucHanh2", "..\ThucHanh2\ThucHanh2.vcxproj", "{8389045A-58C7-47A3-B30C-6017ED125014}"
EndProject
Project("{8BC9CEB8-8B4A-11D0-8D11-00A0C91BC942}") = "QueueExercise", "..\QueueExercise\QueueExercise.vcxproj", "{836BA72A-D2D5-493F-8B02-504471C198BF}"
EndProject
Project("{8BC9CEB8-8B4A-11D0-8D11-00A0C91BC942}") = "GasStation", "..\GasStation\GasStation.vcxproj", "{8BD8853F-1171-47E5-B5C4-0654EBFFDC08}"
EndProject
Global
	GlobalSection(SolutionConfigurationPlatforms) = preSolution
		Debug|x64 = Debug|x64
		Debug|x86 = Debug|x86
		Release|x64 = Release|x64
		Release|x86 = Release|x86
	EndGlobalSection
	GlobalSection(ProjectConfigurationPlatforms) = postSolution
		{0781F8B4-F430-4D65-BB54-C72E8781B069}.Debug|x64.ActiveCfg = Debug|x64
		{0781F8B4-F430-4D65-BB54-C72E8781B069}.Debug|x64.Build.0 = Debug|x64
		{0781F8B4-F430-4D65-BB54-C72E8781B069}.Debug|x86.ActiveCfg = Debug|Win32
		{0781F8B4-F430-4D65-BB54-C72E8781B069}.Debug|x86.Build.0 = Debug|Win32
		{0781F8B4-F430-4D65-BB54-C72E8781B069}.Release|x64.ActiveCfg = Release|x64
		{0781F8B4-F430-4D65-BB54-C72E8781B069}.Release|x64.Build.0 = Release|x64
		{0781F8B4-F430-4D65-BB54-C72E8781B069}.Release|x86.ActiveCfg = Release|Win32
		{0781F8B4-F430-4D65-BB54-C72E8781B069}.Release|x86.Build.0 = Release|Win32
		{54C00EC2-6408-4F62-AF98-3E402DB18D6F}.Debug|x64.ActiveCfg = Debug|x64
		{54C00EC2-6408-4F62-AF98-3E402DB18D6F}.Debug|x64.Build.0 = Debug|x64
		{54C00EC2-6408-4F62-AF98-3E402DB18D6F}.Debug|x86.ActiveCfg = Debug|Win32
		{54C00EC2-6408-4F62-AF98-3E402DB18D6F}.Debug|x86.Build.0 = Debug|Win32
		{54C00EC2-6408-4F62-AF98-3E402DB18D6F}.Release|x64.ActiveCfg = Release|x64
		{54C00EC2-6408-4F62-AF98-3E402DB18D6F}.Release|x64.Build.0 = Release|x64
		{54C00EC2-6408-4F62-AF98-3E402DB18D6F}.Release|x86.ActiveCfg = Release|Win32
		{54C00EC2-6408-4F62-AF98-3E402DB18D6F}.Release|x86.Build.0 = Release|Win32
		{5DE0D344-C18A-46ED-9AE8-3E6397E9D2B5}.Debug|x64.ActiveCfg = Debug|x64
		{5DE0D344-C18A-46ED-9AE8-3E6397E9D2B5}.Debug|x64.Build.0 = Debug|x64
		{5DE0D344-C18A-46ED-9AE8-3E6397E9D2B5}.Debug|x86.ActiveCfg = Debug|Win32
		{5DE0D344-C18A-46ED-9AE8-3E6397E9D2B5}.Debug|x86.Build.0 = Debug|Win32
		{5DE0D344-C18A-46ED-9AE8-3E6397E9D2B5}.Release|x64.ActiveCfg = Release|x64
		{5DE0D344-C18A-46ED-9AE8-3E6397E9D2B5}.Release|x64.Build.0 = Release|x64
		{5DE0D344-C18A-46ED-9AE8-3E6397E9D2B5}.Release|x86.ActiveCfg = Release|Win32
		{5DE0D344-C18A-46ED-9AE8-3E6397E9D2B5}.Release|x86.Build.0 = Release|Win32
		{19FA21C0-A065-406B-8D3A-30A8620F5322}.Debug|x64.ActiveCfg = Debug|x64
		{19FA21C0-A065-406B-8D3A-30A8620F5322}.Debug|x64.Build.0 = Debug|x64
		{19FA21C0-A065-406B-8D3A-30A8620F5322}.Debug|x86.ActiveCfg = Debug|Win32
		{19FA21C0-A065-406B-8D3A-30A8620F5322}.Debug|x86.Build.0 = Debug|Win32
		{19FA21C0-A065-406B-8D3A-30A8620F5322}.Release|x64.ActiveCfg = Release|x64
		{19FA21C0-A065-406B-8D3A-30A8620F5322}.Release|x64.Build.0 = Release|x64
		{19FA21C0-A065-406B-8D3A-30A8620F5322}.Release|x86.ActiveCfg = Release|Win32
		{19FA21C0-A065-406B-8D3A-30A8620F5322}.Release|x86.Build.0 = Release|Win32
		{943C3F36-B070-435F-B23F-B0BFB27073F7}.Debug|x64.ActiveCfg = Debug|x64
		{943C3F36-B070-435F-B23F-B0BFB27073F7}.Debug|x64.Build.0 = Debug|x64
		{943C3F36-B070-435F-B23F-B0BFB27073F7}.Debug|x86.ActiveCfg = Debug|Win32
		{943C3F36-B070-435F-B23F-B0BFB27073F7}.Debug|x86.Build.0 = Debug|Win32
		{943C3F36-B070-435F-B23F-B0BFB27073F7}.Release|x64.ActiveCfg = Release|x64
		{943C3F36-B070-435F-B23F-B0BFB27073F7}.Release|x64.Build.0 = Release|x64
		{943C3F36-B070-435F-B23F-B0BFB27073F7}.Release|x86.ActiveCfg = Release|Win32
		{943C3F36-B070-435F-B23F-B0BFB27073F7}.Release|x86.Build.0 = Release|Win32
		{8059588E-1567-4F36-AD8E-0267ACE499AE}.Debug|x64.ActiveCfg = Debug|x64
		{8059588E-1567-4F36-AD8E-0267ACE499AE}.Debug|x64.Build.0 = Debug|x64
		{8059588E-1567-4F36-AD8E-0267ACE499AE}.Debug|x86.ActiveCfg = Debug|x64
		{8059588E-1567-4F36-AD8E-0267ACE499AE}.Debug|x86.Build.0 = Debug|x64
		{8059588E-1567-4F36-AD8E-0267ACE499AE}.Release|x64.ActiveCfg = Release|x64
		{8059588E-1567-4F36-AD8E-0267ACE499AE}.Release|x64.Build.0 = Release|x64
		{8059588E-1567-4F36-AD8E-0267ACE499AE}.Release|x86.ActiveCfg = Release|x64
		{8059588E-1567-4F36-AD8E-0267ACE499AE}.Release|x86.Build.0 = Release|x64
		{9E3A283D-7F99-4232-9F3F-3379C241449C}.Debug|x64.ActiveCfg = Debug|x64
		{9E3A283D-7F99-4232-9F3F-3379C241449C}.Debug|x64.Build.0 = Debug|x64
		{9E3A283D-7F99-4232-9F3F-3379C241449C}.Debug|x86.ActiveCfg = Debug|Win32
		{9E3A283D-7F99-4232-9F3F-3379C241449C}.Debug|x86.Build.0 = Debug|Win32
		{9E3A283D-7F99-4232-9F3F-3379C241449C}.Release|x64.ActiveCfg = Release|x64
		{9E3A283D-7F99-4232-9F3F-3379C241449C}.Release|x64.Build.0 = Release|x64
		{9E3A283D-7F99-4232-9F3F-3379C241449C}.Release|x86.ActiveCfg = Release|Win32
		{9E3A283D-7F99-4232-9F3F-3379C241449C}.Release|x86.Build.0 = Release|Win32
		{8389045A-58C7-47A3-B30C-6017ED125014}.Debug|x64.ActiveCfg = Debug|x64
		{8389045A-58C7-47A3-B30C-6017ED125014}.Debug|x64.Build.0 = Debug|x64
		{8389045A-58C7-47A3-B30C-6017ED125014}.Debug|x86.ActiveCfg = Debug|Win32
		{8389045A-58C7-47A3-B30C-6017ED125014}.Debug|x86.Build.0 = Debug|Win32
		{8389045A-58C7-47A3-B30C-6017ED125014}.Release|x64.ActiveCfg = Release|x64
		{8389045A-58C7-47A3-B30C-6017ED125014}.Release|x64.Build.0 = Release|x64
		{8389045A-58C7-47A3-B30C-6017ED125014}.Release|x86.ActiveCfg = Release|Win32
		{8389045A-58C7-47A3-B30C-6017ED125014}.Release|x86.Build.0 = Release|Win32
		{836BA72A-D2D5-493F-8B02-504471C198BF}.Debug|x64.ActiveCfg = Debug|x64
		{836BA72A-D2D5-493F-8B02-504471C198BF}.Debug|x64.Build.0 = Debug|x64
		{836BA72A-D2D5-493F-8B02-504471C198BF}.Debug|x86.ActiveCfg = Debug|Win32
		{836BA72A-D2D5-493F-8B02-504471C198BF}.Debug|x86.Build.0 = Debug|Win32
		{836BA72A-D2D5-493F-8B02-504471C198BF}.Release|x64.ActiveCfg = Release|x64
		{836BA72A-D2D5-493F-8B02-504471C198BF}.Release|x64.Build.0 = Release|x64
		{836BA72A-D2D5-493F-8B02-504471C198BF}.Release|x86.ActiveCfg = Release|Win32
		{836BA72A-D2D5-493F-8B02-504471C198BF}.Release|x86.Build.0 = Release|Win32
		{8BD8853F-1171-47E5-B5C4-0654EBFFDC08}.Debug|x64.ActiveCfg = Debug|x64
		{8BD8853F-1171-47E5-B5C4-0654EBFFDC08}.Debug|x64.Build.0 = Debug|x64
		{8BD8853F-1171-47E5-B5C4-0654EBFFDC08}.Debug|x86.ActiveCfg = Debug|Win32
		{8BD8853F-1171-47E5-B5C4-0654EBFFDC08}.Debug|x86.Build.0 = Debug|Win32
		{8BD8853F-1171-47E5-B5C4-0654EBFFDC08}.Release|x64.ActiveCfg = Release|x64
		{8BD8853F-1171-47E5-B5C4-0654EBFFDC08}.Release|x64.Build.0 = Release|x64
		{8BD8853F-1171-47E5-B5C4-0654EBFFDC08}.Release|x86.ActiveCfg = Release|Win32
		{8BD8853F-1171-47E5-B5C4-0654EBFFDC08}.Release|x86.Build.0 = Release|Win32
	EndGlobalSection
	GlobalSection(SolutionProperties) = preSolution
		HideSolutionNode = FALSE
	EndGlobalSection
	GlobalSection(NestedProjects) = preSolution
		{54C00EC2-6408-4F62-AF98-3E402DB18D6F} = {034843C4-E762-48E0-BF1D-AB39A9816E54}
		{5DE0D344-C18A-46ED-9AE8-3E6397E9D2B5} = {034843C4-E762-48E0-BF1D-AB39A9816E54}
		{8059588E-1567-4F36-AD8E-0267ACE499AE} = {5E421C2E-C5BF-427F-8FBE-E7B326B12FD5}
		{9E3A283D-7F99-4232-9F3F-3379C241449C} = {5E421C2E-C5BF-427F-8FBE-E7B326B12FD5}
		{8389045A-58C7-47A3-B30C-6017ED125014} = {5E421C2E-C5BF-427F-8FBE-E7B326B12FD5}
		{836BA72A-D2D5-493F-8B02-504471C198BF} = {034843C4-E762-48E0-BF1D-AB39A9816E54}
		{8BD8853F-1171-47E5-B5C4-0654EBFFDC08} = {034843C4-E762-48E0-BF1D-AB39A9816E54}
	EndGlobalSection
	GlobalSection(ExtensibilityGlobals) = postSolution
		SolutionGuid = {5EB21030-A2A2-43F4-B0B8-17EE73378F15}
	EndGlobalSection
EndGlobal
